<?xml version="1.0" encoding="utf-8"?>
<Project ToolsVersion="4.0" xmlns="http://schemas.microsoft.com/developer/msbuild/2003">
  <ItemGroup>
    <CudaCompile Include="kernel.cu" />
  </ItemGroup>
  <ItemGroup>
    <ClCompile Include="CSVReader.cpp">
      <Filter>File Handling</Filter>
    </ClCompile>
    <ClCompile Include="PDBProcessor.cpp">
      <Filter>File Handling</Filter>
    </ClCompile>
    <ClCompile Include="main.cpp" />
    <ClCompile Include="GPUTypes.h">
      <Filter>Misc Headers</Filter>
    </ClCompile>
    <ClCompile Include="displayUtils\texture.cpp">
      <Filter>Display Utilities</Filter>
    </ClCompile>
    <ClCompile Include="displayUtils\shader.cpp">
      <Filter>Display Utilities</Filter>
    </ClCompile>
    <ClCompile Include="displayUtils\objloader.cpp">
      <Filter>Display Utilities</Filter>
    </ClCompile>
    <ClCompile Include="displayUtils\controls.cpp">
      <Filter>Display Utilities</Filter>
    </ClCompile>
    <ClCompile Include="ProteinDisplay.cpp">
      <Filter>Display Utilities</Filter>
    </ClCompile>
    <ClCompile Include="displayUtils\vboindexer.cpp">
      <Filter>Display Utilities</Filter>
    </ClCompile>
  </ItemGroup>
  <ItemGroup>
    <ClInclude Include="CSVReader.h">
      <Filter>File Handling</Filter>
    </ClInclude>
    <ClInclude Include="PDBProcessor.h">
      <Filter>File Handling</Filter>
    </ClInclude>
    <ClInclude Include="gif.h">
      <Filter>Misc Headers</Filter>
    </ClInclude>
    <ClInclude Include="Heatmap.h">
      <Filter>Misc Headers</Filter>
    </ClInclude>
    <ClInclude Include="helper_string.h">
      <Filter>Misc Headers</Filter>
    </ClInclude>
    <ClInclude Include="displayUtils\texture.h">
      <Filter>Display Utilities</Filter>
    </ClInclude>
    <ClInclude Include="displayUtils\shader.h">
      <Filter>Display Utilities</Filter>
    </ClInclude>
    <ClInclude Include="displayUtils\objloader.h">
      <Filter>Display Utilities</Filter>
    </ClInclude>
    <ClInclude Include="displayUtils\controls.h">
      <Filter>Display Utilities</Filter>
    </ClInclude>
    <ClInclude Include="ProteinDisplay.h">
      <Filter>Display Utilities</Filter>
    </ClInclude>
    <ClInclude Include="displayUtils\vboindexer.h">
      <Filter>Display Utilities</Filter>
    </ClInclude>
  </ItemGroup>
  <ItemGroup>
    <Filter Include="File Handling">
      <UniqueIdentifier>{aaaa786e-1bca-4133-9a1f-c2a531fa37fb}</UniqueIdentifier>
    </Filter>
    <Filter Include="Misc Headers">
      <UniqueIdentifier>{94b2c7c0-4491-4915-8a19-4c62a7dab096}</UniqueIdentifier>
    </Filter>
    <Filter Include="Display Utilities">
      <UniqueIdentifier>{1883e012-a05e-433e-9b8b-dc8e59e42e15}</UniqueIdentifier>
    </Filter>
  </ItemGroup>
  <ItemGroup>
    <None Include="packages.config" />
    <None Include="shaders\TextureFragmentShader.fragmentshader">
      <Filter>Display Utilities</Filter>
    </None>
    <None Include="shaders\TransformVertexShader.vertexshader">
      <Filter>Display Utilities</Filter>
    </None>
    <None Include="shaders\PFNMRfshader.fragmentshader" />
    <None Include="shaders\PFNMRvshader.vertexshader" />
  </ItemGroup>
</Project>